
Microsoft Visual Studio Solution File, Format Version 12.00
# Visual Studio Version 17
VisualStudioVersion = 17.0.31903.59
MinimumVisualStudioVersion = 10.0.40219.1
Project("{FAE04EC0-301F-11D3-BF4B-00C04F79EFBC}") = "OtelDotnetTest", "OtelDotnetTest\OtelDotnetTest.csproj", "{3D0AEA0F-1F03-40F6-BEA7-8C28C11890E1}"
EndProject
Project("{FAE04EC0-301F-11D3-BF4B-00C04F79EFBC}") = "OpenTelemetry", "..\..\opentelemetry-dotnet\src\OpenTelemetry\OpenTelemetry.csproj", "{51359371-1B72-4D40-A6DF-F016D668F21D}"
EndProject
Project("{FAE04EC0-301F-11D3-BF4B-00C04F79EFBC}") = "OpenTelemetry.Exporter.Console", "..\..\opentelemetry-dotnet\src\OpenTelemetry.Exporter.Console\OpenTelemetry.Exporter.Console.csproj", "{F44C025E-343F-4922-8ED1-6AEB9319CA4F}"
EndProject
Project("{FAE04EC0-301F-11D3-BF4B-00C04F79EFBC}") = "OpenTelemetry.Exporter.OpenTelemetryProtocol", "..\..\opentelemetry-dotnet\src\OpenTelemetry.Exporter.OpenTelemetryProtocol\OpenTelemetry.Exporter.OpenTelemetryProtocol.csproj", "{535F32E3-7AEF-4456-930D-4DFE62C8A8F9}"
EndProject
Global
	GlobalSection(SolutionConfigurationPlatforms) = preSolution
		Debug|Any CPU = Debug|Any CPU
		Release|Any CPU = Release|Any CPU
	EndGlobalSection
	GlobalSection(SolutionProperties) = preSolution
		HideSolutionNode = FALSE
	EndGlobalSection
	GlobalSection(ProjectConfigurationPlatforms) = postSolution
		{3D0AEA0F-1F03-40F6-BEA7-8C28C11890E1}.Debug|Any CPU.ActiveCfg = Debug|Any CPU
		{3D0AEA0F-1F03-40F6-BEA7-8C28C11890E1}.Debug|Any CPU.Build.0 = Debug|Any CPU
		{3D0AEA0F-1F03-40F6-BEA7-8C28C11890E1}.Release|Any CPU.ActiveCfg = Release|Any CPU
		{3D0AEA0F-1F03-40F6-BEA7-8C28C11890E1}.Release|Any CPU.Build.0 = Release|Any CPU
		{51359371-1B72-4D40-A6DF-F016D668F21D}.Debug|Any CPU.ActiveCfg = Debug|Any CPU
		{51359371-1B72-4D40-A6DF-F016D668F21D}.Debug|Any CPU.Build.0 = Debug|Any CPU
		{51359371-1B72-4D40-A6DF-F016D668F21D}.Release|Any CPU.ActiveCfg = Release|Any CPU
		{51359371-1B72-4D40-A6DF-F016D668F21D}.Release|Any CPU.Build.0 = Release|Any CPU
		{F44C025E-343F-4922-8ED1-6AEB9319CA4F}.Debug|Any CPU.ActiveCfg = Debug|Any CPU
		{F44C025E-343F-4922-8ED1-6AEB9319CA4F}.Debug|Any CPU.Build.0 = Debug|Any CPU
		{F44C025E-343F-4922-8ED1-6AEB9319CA4F}.Release|Any CPU.ActiveCfg = Release|Any CPU
		{F44C025E-343F-4922-8ED1-6AEB9319CA4F}.Release|Any CPU.Build.0 = Release|Any CPU
		{535F32E3-7AEF-4456-930D-4DFE62C8A8F9}.Debug|Any CPU.ActiveCfg = Debug|Any CPU
		{535F32E3-7AEF-4456-930D-4DFE62C8A8F9}.Debug|Any CPU.Build.0 = Debug|Any CPU
		{535F32E3-7AEF-4456-930D-4DFE62C8A8F9}.Release|Any CPU.ActiveCfg = Release|Any CPU
		{535F32E3-7AEF-4456-930D-4DFE62C8A8F9}.Release|Any CPU.Build.0 = Release|Any CPU
	EndGlobalSection
EndGlobal
